
Microsoft Visual Studio Solution File, Format Version 12.00
# Visual Studio Version 16
VisualStudioVersion = 16.0.36631.11
MinimumVisualStudioVersion = 10.0.40219.1
Project("{FAE04EC0-301F-11D3-BF4B-00C04F79EFBC}") = "Flight Systems", "Flight Systems\Flight Systems.csproj", "{C9656C0C-0CA3-4B27-8E1B-4D19D1A296E0}"
EndProject
Project("{FAE04EC0-301F-11D3-BF4B-00C04F79EFBC}") = "Sensor Detection", "Sensor Detection\Sensor Detection.csproj", "{EF3C284B-49EC-430E-978E-E1B25CCC403E}"
EndProject
Project("{FAE04EC0-301F-11D3-BF4B-00C04F79EFBC}") = "Where's Waldo", "Where's Waldo\Where's Waldo.csproj", "{C828628F-B828-4804-9220-F50F94EEAB2D}"
EndProject
Project("{2150E333-8FDC-42A3-9474-1A3956D46DE8}") = "Solution Items", "Solution Items", "{6F8E2505-C8DD-416D-8B64-B63B7B71972B}"
	ProjectSection(SolutionItems) = preProject
		.editorconfig = .editorconfig
	EndProjectSection
EndProject
Project("{FAE04EC0-301F-11D3-BF4B-00C04F79EFBC}") = "Ingot Inventory", "Ingot Inventory\Ingot Inventory.csproj", "{B00D0965-19FF-4A8B-9519-9B46E16487C6}"
EndProject
Project("{FAE04EC0-301F-11D3-BF4B-00C04F79EFBC}") = "Sprites", "Sprites\Sprites.csproj", "{CC9382B2-2E26-4515-A16D-95228809AE19}"
EndProject
Project("{FAE04EC0-301F-11D3-BF4B-00C04F79EFBC}") = "ODD", "ODD\ODD.csproj", "{09B81B49-4360-48CA-8A56-11A4B7B5F894}"
EndProject
Project("{FAE04EC0-301F-11D3-BF4B-00C04F79EFBC}") = "Skid Steering", "Skid Steering\Skid Steering.csproj", "{B3B9080A-EB49-4F74-9FAD-A69A91714962}"
EndProject
Project("{FAE04EC0-301F-11D3-BF4B-00C04F79EFBC}") = "Skid Steering Suspensions", "Skid Steering 2\Skid Steering Suspensions.csproj", "{C2B6C830-D537-4888-B833-33647131289F}"
EndProject
Project("{FAE04EC0-301F-11D3-BF4B-00C04F79EFBC}") = "RotorSkid", "RotorSkid\RotorSkid.csproj", "{89CCB552-0D44-49C6-9205-233181A9F837}"
EndProject
Global
	GlobalSection(SolutionConfigurationPlatforms) = preSolution
		Debug|x64 = Debug|x64
	EndGlobalSection
	GlobalSection(ProjectConfigurationPlatforms) = postSolution
		{C9656C0C-0CA3-4B27-8E1B-4D19D1A296E0}.Debug|x64.ActiveCfg = Debug|x64
		{C9656C0C-0CA3-4B27-8E1B-4D19D1A296E0}.Debug|x64.Build.0 = Debug|x64
		{EF3C284B-49EC-430E-978E-E1B25CCC403E}.Debug|x64.ActiveCfg = Debug|x64
		{EF3C284B-49EC-430E-978E-E1B25CCC403E}.Debug|x64.Build.0 = Debug|x64
		{C828628F-B828-4804-9220-F50F94EEAB2D}.Debug|x64.ActiveCfg = Debug|x64
		{C828628F-B828-4804-9220-F50F94EEAB2D}.Debug|x64.Build.0 = Debug|x64
		{B00D0965-19FF-4A8B-9519-9B46E16487C6}.Debug|x64.ActiveCfg = Debug|x64
		{B00D0965-19FF-4A8B-9519-9B46E16487C6}.Debug|x64.Build.0 = Debug|x64
		{CC9382B2-2E26-4515-A16D-95228809AE19}.Debug|x64.ActiveCfg = Debug|x64
		{CC9382B2-2E26-4515-A16D-95228809AE19}.Debug|x64.Build.0 = Debug|x64
		{09B81B49-4360-48CA-8A56-11A4B7B5F894}.Debug|x64.ActiveCfg = Debug|x64
		{09B81B49-4360-48CA-8A56-11A4B7B5F894}.Debug|x64.Build.0 = Debug|x64
		{B3B9080A-EB49-4F74-9FAD-A69A91714962}.Debug|x64.ActiveCfg = Debug|x64
		{B3B9080A-EB49-4F74-9FAD-A69A91714962}.Debug|x64.Build.0 = Debug|x64
		{C2B6C830-D537-4888-B833-33647131289F}.Debug|x64.ActiveCfg = Debug|x64
		{C2B6C830-D537-4888-B833-33647131289F}.Debug|x64.Build.0 = Debug|x64
		{89CCB552-0D44-49C6-9205-233181A9F837}.Debug|x64.ActiveCfg = Debug|x64
		{89CCB552-0D44-49C6-9205-233181A9F837}.Debug|x64.Build.0 = Debug|x64
	EndGlobalSection
	GlobalSection(SolutionProperties) = preSolution
		HideSolutionNode = FALSE
	EndGlobalSection
	GlobalSection(ExtensibilityGlobals) = postSolution
		SolutionGuid = {9CE75DB8-33D8-4283-9073-229E5B37529A}
	EndGlobalSection
EndGlobal
